schema: '2.0'
stages:
  load_data:
    cmd: python src/load_data.py --config=params.yaml
    deps:
    - path: data_given/winequality.csv
      md5: ccc8d3507eb151f53f760d36abdef888
      size: 91998
    - path: src/get_data.py
      md5: e5e8bb607a19419ab66a23968e5d0aa9
      size: 762
    - path: src/load_data.py
      md5: 0abf0e12f740ea440737f28409248a8d
      size: 725
    outs:
    - path: data/raw/winequality.csv
      md5: d98e8f2eca228c11c4de1cc96866a54d
      size: 93598
